
Microsoft Visual Studio Solution File, Format Version 12.00
# Visual Studio Version 17
VisualStudioVersion = 17.8.34330.188
MinimumVisualStudioVersion = 10.0.40219.1
Project("{54435603-DBB4-11D2-8724-00A0C9A8B90C}") = "ArdorQuery", "ArdorQuery\ArdorQuery.vdproj", "{CC364D75-8AFA-4E1E-9CAB-AB1F5F708141}"
EndProject
Global
	GlobalSection(SolutionConfigurationPlatforms) = preSolution
		Debug|Default = Debug|Default
		Release|Default = Release|Default
	EndGlobalSection
	GlobalSection(ProjectConfigurationPlatforms) = postSolution
		{CC364D75-8AFA-4E1E-9CAB-AB1F5F708141}.Debug|Default.ActiveCfg = Debug
		{CC364D75-8AFA-4E1E-9CAB-AB1F5F708141}.Debug|Default.Build.0 = Debug
		{CC364D75-8AFA-4E1E-9CAB-AB1F5F708141}.Release|Default.ActiveCfg = Release
		{CC364D75-8AFA-4E1E-9CAB-AB1F5F708141}.Release|Default.Build.0 = Release
	EndGlobalSection
	GlobalSection(SolutionProperties) = preSolution
		HideSolutionNode = FALSE
	EndGlobalSection
	GlobalSection(ExtensibilityGlobals) = postSolution
		SolutionGuid = {2585889A-6087-4561-8D1D-3EBF8568B723}
	EndGlobalSection
EndGlobal
